PODS:
  - AMapLocation (1.1.1)
  - AMapSearch (3.2.0)
  - CTAssetsPickerController (3.3.0):
    - PureLayout (~> 3.0.0)
  - PureLayout (3.0.1)
  - SDWebImage (3.7.5):
    - SDWebImage/Core (= 3.7.5)
  - SDWebImage/Core (3.7.5)
  - SVProgressHUD (1.1.3)
  - YYModel (0.9.12)

DEPENDENCIES:
  - AMapLocation
  - AMapSearch
  - CTAssetsPickerController (~> 3.3.0)
  - SDWebImage
  - SVProgressHUD
  - YYModel

SPEC CHECKSUMS:
  AMapLocation: fc0245146ef90811f9590d428e9035a2a64f4526
  AMapSearch: a885f0702578a441a22cb66fa74f8918c6d19e6f
  CTAssetsPickerController: f11af087c627c96785998cd3c7d596548f6a1609
  PureLayout: f35f5384c9c4e4479df041dbe33ad7577b71ddfb
  SDWebImage: 69c6303e3348fba97e03f65d65d4fbc26740f461
  SVProgressHUD: 748080e4f36e603f6c02aec292664239df5279c1
  YYModel: 33a27f41a995f4c36ff8178421bac9f221a9c7ea

COCOAPODS: 0.39.0
